
Microsoft Visual Studio Solution File, Format Version 12.00
# Visual Studio Version 17
VisualStudioVersion = 17.0.31903.59
MinimumVisualStudioVersion = 10.0.40219.1
Project("{FAE04EC0-301F-11D3-BF4B-00C04F79EFBC}") = "MainApp", "MainApp\MainApp.csproj", "{BA59CB10-F12F-464A-B1CA-5DC20AD5BA06}"
EndProject
Project("{FAE04EC0-301F-11D3-BF4B-00C04F79EFBC}") = "Infrastructure", "Infrastructure\Infrastructure.csproj", "{431196C2-0085-44B7-9D60-DDDC62E390BE}"
EndProject
Project("{FAE04EC0-301F-11D3-BF4B-00C04F79EFBC}") = "Domain", "Domain\Domain.csproj", "{90CB2D9D-7AD9-4EE0-A59C-20FDF3695A84}"
EndProject
Global
	GlobalSection(SolutionConfigurationPlatforms) = preSolution
		Debug|Any CPU = Debug|Any CPU
		Release|Any CPU = Release|Any CPU
	EndGlobalSection
	GlobalSection(SolutionProperties) = preSolution
		HideSolutionNode = FALSE
	EndGlobalSection
	GlobalSection(ProjectConfigurationPlatforms) = postSolution
		{BA59CB10-F12F-464A-B1CA-5DC20AD5BA06}.Debug|Any CPU.ActiveCfg = Debug|Any CPU
		{BA59CB10-F12F-464A-B1CA-5DC20AD5BA06}.Debug|Any CPU.Build.0 = Debug|Any CPU
		{BA59CB10-F12F-464A-B1CA-5DC20AD5BA06}.Release|Any CPU.ActiveCfg = Release|Any CPU
		{BA59CB10-F12F-464A-B1CA-5DC20AD5BA06}.Release|Any CPU.Build.0 = Release|Any CPU
		{431196C2-0085-44B7-9D60-DDDC62E390BE}.Debug|Any CPU.ActiveCfg = Debug|Any CPU
		{431196C2-0085-44B7-9D60-DDDC62E390BE}.Debug|Any CPU.Build.0 = Debug|Any CPU
		{431196C2-0085-44B7-9D60-DDDC62E390BE}.Release|Any CPU.ActiveCfg = Release|Any CPU
		{431196C2-0085-44B7-9D60-DDDC62E390BE}.Release|Any CPU.Build.0 = Release|Any CPU
		{90CB2D9D-7AD9-4EE0-A59C-20FDF3695A84}.Debug|Any CPU.ActiveCfg = Debug|Any CPU
		{90CB2D9D-7AD9-4EE0-A59C-20FDF3695A84}.Debug|Any CPU.Build.0 = Debug|Any CPU
		{90CB2D9D-7AD9-4EE0-A59C-20FDF3695A84}.Release|Any CPU.ActiveCfg = Release|Any CPU
		{90CB2D9D-7AD9-4EE0-A59C-20FDF3695A84}.Release|Any CPU.Build.0 = Release|Any CPU
	EndGlobalSection
EndGlobal
